// !$*UTF8*$!
{
	archiveVersion = 1;
	classes = {
	};
	objectVersion = 46;
	objects = {

/* Begin PBXBuildFile section */
		28DC77271C16842C0CDC7F86 /* libPods.a in Frameworks */ = {isa = PBXBuildFile; fileRef = 05F17BDD9A6CCC752E05A6A0 /* libPods.a */; };
		C2C8280A1BAE152600FABD41 /* UserInfoVC.m in Sources */ = {isa = PBXBuildFile; fileRef = C2C828091BAE152600FABD41 /* UserInfoVC.m */; };
		C2C8280C1BAE152C00FABD41 /* UserInfo.storyboard in Resources */ = {isa = PBXBuildFile; fileRef = C2C8280B1BAE152C00FABD41 /* UserInfo.storyboard */; };
		C2D326E51BADF92C00BFF7D6 /* main.m in Sources */ = {isa = PBXBuildFile; fileRef = C2D326E41BADF92C00BFF7D6 /* main.m */; };
		C2D326E81BADF92C00BFF7D6 /* AppDelegate.m in Sources */ = {isa = PBXBuildFile; fileRef = C2D326E71BADF92C00BFF7D6 /* AppDelegate.m */; };
		C2D326EB1BADF92C00BFF7D6 /* WeatherAPI.xcdatamodeld in Sources */ = {isa = PBXBuildFile; fileRef = C2D326E91BADF92C00BFF7D6 /* WeatherAPI.xcdatamodeld */; };
		C2D326EE1BADF92C00BFF7D6 /* ViewController.m in Sources */ = {isa = PBXBuildFile; fileRef = C2D326ED1BADF92C00BFF7D6 /* ViewController.m */; };
		C2D326F11BADF92C00BFF7D6 /* Main.storyboard in Resources */ = {isa = PBXBuildFile; fileRef = C2D326EF1BADF92C00BFF7D6 /* Main.storyboard */; };
		C2D326F31BADF92C00BFF7D6 /* Images.xcassets in Resources */ = {isa = PBXBuildFile; fileRef = C2D326F21BADF92C00BFF7D6 /* Images.xcassets */; };
		C2D326F61BADF92C00BFF7D6 /* LaunchScreen.xib in Resources */ = {isa = PBXBuildFile; fileRef = C2D326F41BADF92C00BFF7D6 /* LaunchScreen.xib */; };
		C2D327021BADF92C00BFF7D6 /* WeatherAPITests.m in Sources */ = {isa = PBXBuildFile; fileRef = C2D327011BADF92C00BFF7D6 /* WeatherAPITests.m */; };
		C2D3270C1BADFD8A00BFF7D6 /* WeatherInfo.storyboard in Resources */ = {isa = PBXBuildFile; fileRef = C2D3270B1BADFD8A00BFF7D6 /* WeatherInfo.storyboard */; };
		C2D3270F1BAE011E00BFF7D6 /* WeatherScreenVC.m in Sources */ = {isa = PBXBuildFile; fileRef = C2D3270E1BAE011E00BFF7D6 /* WeatherScreenVC.m */; };
/* End PBXBuildFile section */

/* Begin PBXContainerItemProxy section */
		C2D326FC1BADF92C00BFF7D6 /* PBXContainerItemProxy */ = {
			isa = PBXContainerItemProxy;
			containerPortal = C2D326D71BADF92C00BFF7D6 /* Project object */;
			proxyType = 1;
			remoteGlobalIDString = C2D326DE1BADF92C00BFF7D6;
			remoteInfo = WeatherAPI;
		};
/* End PBXContainerItemProxy section */

/* Begin PBXFileReference section */
		05F17BDD9A6CCC752E05A6A0 /* libPods.a */ = {isa = PBXFileReference; explicitFileType = archive.ar; includeInIndex = 0; path = libPods.a; sourceTree = BUILT_PRODUCTS_DIR; };
		0F88D6B5B3A5E88C452742D1 /* Pods.release.xcconfig */ = {isa = PBXFileReference; includeInIndex = 1; lastKnownFileType = text.xcconfig; name = Pods.release.xcconfig; path = "../../Pods/Target Support Files/Pods/Pods.release.xcconfig"; sourceTree = "<group>"; };
		5D88BA75C3E1ED52640C4019 /* Pods.debug.xcconfig */ = {isa = PBXFileReference; includeInIndex = 1; lastKnownFileType = text.xcconfig; name = Pods.debug.xcconfig; path = "../../Pods/Target Support Files/Pods/Pods.debug.xcconfig"; sourceTree = "<group>"; };
		C2C828081BAE152600FABD41 /* UserInfoVC.h */ = {isa = PBXFileReference; fileEncoding = 4; lastKnownFileType = sourcecode.c.h; name = UserInfoVC.h; path = ../../../Techcrunch/WeatherAPI/WeatherAPI/UserInfoVC.h; sourceTree = "<group>"; };
		C2C828091BAE152600FABD41 /* UserInfoVC.m */ = {isa = PBXFileReference; fileEncoding = 4; lastKnownFileType = sourcecode.c.objc; name = UserInfoVC.m; path = ../../../Techcrunch/WeatherAPI/WeatherAPI/UserInfoVC.m; sourceTree = "<group>"; };
		C2C8280B1BAE152C00FABD41 /* UserInfo.storyboard */ = {isa = PBXFileReference; fileEncoding = 4; lastKnownFileType = file.storyboard; name = UserInfo.storyboard; path = ../../../Techcrunch/WeatherAPI/WeatherAPI/UserInfo.storyboard; sourceTree = "<group>"; };
		C2D326DF1BADF92C00BFF7D6 /* WeatherAPI.app */ = {isa = PBXFileReference; explicitFileType = wrapper.application; includeInIndex = 0; path = WeatherAPI.app; sourceTree = BUILT_PRODUCTS_DIR; };
		C2D326E31BADF92C00BFF7D6 /* Info.plist */ = {isa = PBXFileReference; lastKnownFileType = text.plist.xml; path = Info.plist; sourceTree = "<group>"; };
		C2D326E41BADF92C00BFF7D6 /* main.m */ = {isa = PBXFileReference; lastKnownFileType = sourcecode.c.objc; path = main.m; sourceTree = "<group>"; };
		C2D326E61BADF92C00BFF7D6 /* AppDelegate.h */ = {isa = PBXFileReference; lastKnownFileType = sourcecode.c.h; path = AppDelegate.h; sourceTree = "<group>"; };
		C2D326E71BADF92C00BFF7D6 /* AppDelegate.m */ = {isa = PBXFileReference; lastKnownFileType = sourcecode.c.objc; path = AppDelegate.m; sourceTree = "<group>"; };
		C2D326EA1BADF92C00BFF7D6 /* WeatherAPI.xcdatamodel */ = {isa = PBXFileReference; lastKnownFileType = wrapper.xcdatamodel; path = WeatherAPI.xcdatamodel; sourceTree = "<group>"; };
		C2D326EC1BADF92C00BFF7D6 /* ViewController.h */ = {isa = PBXFileReference; lastKnownFileType = sourcecode.c.h; path = ViewController.h; sourceTree = "<group>"; };
		C2D326ED1BADF92C00BFF7D6 /* ViewController.m */ = {isa = PBXFileReference; lastKnownFileType = sourcecode.c.objc; path = ViewController.m; sourceTree = "<group>"; };
		C2D326F01BADF92C00BFF7D6 /* Base */ = {isa = PBXFileReference; lastKnownFileType = file.storyboard; name = Base; path = Base.lproj/Main.storyboard; sourceTree = "<group>"; };
		C2D326F21BADF92C00BFF7D6 /* Images.xcassets */ = {isa = PBXFileReference; lastKnownFileType = folder.assetcatalog; path = Images.xcassets; sourceTree = "<group>"; };
		C2D326F51BADF92C00BFF7D6 /* Base */ = {isa = PBXFileReference; lastKnownFileType = file.xib; name = Base; path = Base.lproj/LaunchScreen.xib; sourceTree = "<group>"; };
		C2D326FB1BADF92C00BFF7D6 /* WeatherAPITests.xctest */ = {isa = PBXFileReference; explicitFileType = wrapper.cfbundle; includeInIndex = 0; path = WeatherAPITests.xctest; sourceTree = BUILT_PRODUCTS_DIR; };
		C2D327001BADF92C00BFF7D6 /* Info.plist */ = {isa = PBXFileReference; lastKnownFileType = text.plist.xml; path = Info.plist; sourceTree = "<group>"; };
		C2D327011BADF92C00BFF7D6 /* WeatherAPITests.m */ = {isa = PBXFileReference; lastKnownFileType = sourcecode.c.objc; path = WeatherAPITests.m; sourceTree = "<group>"; };
		C2D3270B1BADFD8A00BFF7D6 /* WeatherInfo.storyboard */ = {isa = PBXFileReference; fileEncoding = 4; lastKnownFileType = file.storyboard; path = WeatherInfo.storyboard; sourceTree = "<group>"; };
		C2D3270D1BAE011E00BFF7D6 /* WeatherScreenVC.h */ = {isa = PBXFileReference; fileEncoding = 4; lastKnownFileType = sourcecode.c.h; path = WeatherScreenVC.h; sourceTree = "<group>"; };
		C2D3270E1BAE011E00BFF7D6 /* WeatherScreenVC.m */ = {isa = PBXFileReference; fileEncoding = 4; lastKnownFileType = sourcecode.c.objc; path = WeatherScreenVC.m; sourceTree = "<group>"; };
/* End PBXFileReference section */

/* Begin PBXFrameworksBuildPhase section */
		C2D326DC1BADF92C00BFF7D6 /* Frameworks */ = {
			isa = PBXFrameworksBuildPhase;
			buildActionMask = 2147483647;
			files = (
				28DC77271C16842C0CDC7F86 /* libPods.a in Frameworks */,
			);
			runOnlyForDeploymentPostprocessing = 0;
		};
		C2D326F81BADF92C00BFF7D6 /* Frameworks */ = {
			isa = PBXFrameworksBuildPhase;
			buildActionMask = 2147483647;
			files = (
			);
			runOnlyForDeploymentPostprocessing = 0;
		};
/* End PBXFrameworksBuildPhase section */

/* Begin PBXGroup section */
		9D0FE7164EE97DE278B32DAE /* Frameworks */ = {
			isa = PBXGroup;
			children = (
				05F17BDD9A6CCC752E05A6A0 /* libPods.a */,
			);
			name = Frameworks;
			sourceTree = "<group>";
		};
		C2C828071BAE14B300FABD41 /* UserInfo */ = {
			isa = PBXGroup;
			children = (
				C2C8280B1BAE152C00FABD41 /* UserInfo.storyboard */,
				C2C828081BAE152600FABD41 /* UserInfoVC.h */,
				C2C828091BAE152600FABD41 /* UserInfoVC.m */,
			);
			name = UserInfo;
			sourceTree = "<group>";
		};
		C2D326D61BADF92C00BFF7D6 = {
			isa = PBXGroup;
			children = (
				C2D326E11BADF92C00BFF7D6 /* WeatherAPI */,
				C2D326FE1BADF92C00BFF7D6 /* WeatherAPITests */,
				C2D326E01BADF92C00BFF7D6 /* Products */,
				D2BD9FB2BFFA1C07D96029EA /* Pods */,
				9D0FE7164EE97DE278B32DAE /* Frameworks */,
			);
			sourceTree = "<group>";
		};
		C2D326E01BADF92C00BFF7D6 /* Products */ = {
			isa = PBXGroup;
			children = (
				C2D326DF1BADF92C00BFF7D6 /* WeatherAPI.app */,
				C2D326FB1BADF92C00BFF7D6 /* WeatherAPITests.xctest */,
			);
			name = Products;
			sourceTree = "<group>";
		};
		C2D326E11BADF92C00BFF7D6 /* WeatherAPI */ = {
			isa = PBXGroup;
			children = (
				C2C828071BAE14B300FABD41 /* UserInfo */,
				C2D326E61BADF92C00BFF7D6 /* AppDelegate.h */,
				C2D326E71BADF92C00BFF7D6 /* AppDelegate.m */,
				C2D326EC1BADF92C00BFF7D6 /* ViewController.h */,
				C2D326ED1BADF92C00BFF7D6 /* ViewController.m */,
				C2D326EF1BADF92C00BFF7D6 /* Main.storyboard */,
				C2D326F21BADF92C00BFF7D6 /* Images.xcassets */,
				C2D326F41BADF92C00BFF7D6 /* LaunchScreen.xib */,
				C2D326E91BADF92C00BFF7D6 /* WeatherAPI.xcdatamodeld */,
				C2D326E21BADF92C00BFF7D6 /* Supporting Files */,
				C2D3270B1BADFD8A00BFF7D6 /* WeatherInfo.storyboard */,
				C2D3270D1BAE011E00BFF7D6 /* WeatherScreenVC.h */,
				C2D3270E1BAE011E00BFF7D6 /* WeatherScreenVC.m */,
			);
			path = WeatherAPI;
			sourceTree = "<group>";
		};
		C2D326E21BADF92C00BFF7D6 /* Supporting Files */ = {
			isa = PBXGroup;
			children = (
				C2D326E31BADF92C00BFF7D6 /* Info.plist */,
				C2D326E41BADF92C00BFF7D6 /* main.m */,
			);
			name = "Supporting Files";
			sourceTree = "<group>";
		};
		C2D326FE1BADF92C00BFF7D6 /* WeatherAPITests */ = {
			isa = PBXGroup;
			children = (
				C2D327011BADF92C00BFF7D6 /* WeatherAPITests.m */,
				C2D326FF1BADF92C00BFF7D6 /* Supporting Files */,
			);
			path = WeatherAPITests;
			sourceTree = "<group>";
		};
		C2D326FF1BADF92C00BFF7D6 /* Supporting Files */ = {
			isa = PBXGroup;
			children = (
				C2D327001BADF92C00BFF7D6 /* Info.plist */,
			);
			name = "Supporting Files";
			sourceTree = "<group>";
		};
		D2BD9FB2BFFA1C07D96029EA /* Pods */ = {
			isa = PBXGroup;
			children = (
				5D88BA75C3E1ED52640C4019 /* Pods.debug.xcconfig */,
				0F88D6B5B3A5E88C452742D1 /* Pods.release.xcconfig */,
			);
			name = Pods;
			sourceTree = "<group>";
		};
/* End PBXGroup section */

/* Begin PBXNativeTarget section */
		C2D326DE1BADF92C00BFF7D6 /* WeatherAPI */ = {
			isa = PBXNativeTarget;
			buildConfigurationList = C2D327051BADF92C00BFF7D6 /* Build configuration list for PBXNativeTarget "WeatherAPI" */;
			buildPhases = (
				801B422AD3CBB3EB39145E63 /* Check Pods Manifest.lock */,
				C2D326DB1BADF92C00BFF7D6 /* Sources */,
				C2D326DC1BADF92C00BFF7D6 /* Frameworks */,
				C2D326DD1BADF92C00BFF7D6 /* Resources */,
				5E339D6FA42D1FA4462C5C5E /* Copy Pods Resources */,
			);
			buildRules = (
			);
			dependencies = (
			);
			name = WeatherAPI;
			productName = WeatherAPI;
			productReference = C2D326DF1BADF92C00BFF7D6 /* WeatherAPI.app */;
			productType = "com.apple.product-type.application";
		};
		C2D326FA1BADF92C00BFF7D6 /* WeatherAPITests */ = {
			isa = PBXNativeTarget;
			buildConfigurationList = C2D327081BADF92C00BFF7D6 /* Build configuration list for PBXNativeTarget "WeatherAPITests" */;
			buildPhases = (
				C2D326F71BADF92C00BFF7D6 /* Sources */,
				C2D326F81BADF92C00BFF7D6 /* Frameworks */,
				C2D326F91BADF92C00BFF7D6 /* Resources */,
			);
			buildRules = (
			);
			dependencies = (
				C2D326FD1BADF92C00BFF7D6 /* PBXTargetDependency */,
			);
			name = WeatherAPITests;
			productName = WeatherAPITests;
			productReference = C2D326FB1BADF92C00BFF7D6 /* WeatherAPITests.xctest */;
			productType = "com.apple.product-type.bundle.unit-test";
		};
/* End PBXNativeTarget section */

/* Begin PBXProject section */
		C2D326D71BADF92C00BFF7D6 /* Project object */ = {
			isa = PBXProject;
			attributes = {
				LastUpgradeCheck = 0640;
				ORGANIZATIONNAME = "Gosar, Rushabh";
				TargetAttributes = {
					C2D326DE1BADF92C00BFF7D6 = {
						CreatedOnToolsVersion = 6.4;
						DevelopmentTeam = 34E3ETBGZP;
					};
					C2D326FA1BADF92C00BFF7D6 = {
						CreatedOnToolsVersion = 6.4;
						TestTargetID = C2D326DE1BADF92C00BFF7D6;
					};
				};
			};
			buildConfigurationList = C2D326DA1BADF92C00BFF7D6 /* Build configuration list for PBXProject "WeatherAPI" */;
			compatibilityVersion = "Xcode 3.2";
			developmentRegion = English;
			hasScannedForEncodings = 0;
			knownRegions = (
				en,
				Base,
			);
			mainGroup = C2D326D61BADF92C00BFF7D6;
			productRefGroup = C2D326E01BADF92C00BFF7D6 /* Products */;
			projectDirPath = "";
			projectRoot = "";
			targets = (
				C2D326DE1BADF92C00BFF7D6 /* WeatherAPI */,
				C2D326FA1BADF92C00BFF7D6 /* WeatherAPITests */,
			);
		};
/* End PBXProject section */

/* Begin PBXResourcesBuildPhase section */
		C2D326DD1BADF92C00BFF7D6 /* Resources */ = {
			isa = PBXResourcesBuildPhase;
			buildActionMask = 2147483647;
			files = (
				C2D326F11BADF92C00BFF7D6 /* Main.storyboard in Resources */,
				C2C8280C1BAE152C00FABD41 /* UserInfo.storyboard in Resources */,
				C2D3270C1BADFD8A00BFF7D6 /* WeatherInfo.storyboard in Resources */,
				C2D326F61BADF92C00BFF7D6 /* LaunchScreen.xib in Resources */,
				C2D326F31BADF92C00BFF7D6 /* Images.xcassets in Resources */,
			);
			runOnlyForDeploymentPostprocessing = 0;
		};
		C2D326F91BADF92C00BFF7D6 /* Resources */ = {
			isa = PBXResourcesBuildPhase;
			buildActionMask = 2147483647;
			files = (
			);
			runOnlyForDeploymentPostprocessing = 0;
		};
/* End PBXResourcesBuildPhase section */

/* Begin PBXShellScriptBuildPhase section */
		5E339D6FA42D1FA4462C5C5E /* Copy Pods Resources */ = {
			isa = PBXShellScriptBuildPhase;
			buildActionMask = 2147483647;
			files = (
			);
			inputPaths = (
			);
			name = "Copy Pods Resources";
			outputPaths = (
			);
			runOnlyForDeploymentPostprocessing = 0;
			shellPath = /bin/sh;
			shellScript = "\"${SRCROOT}/../../Pods/Target Support Files/Pods/Pods-resources.sh\"\n";
			showEnvVarsInLog = 0;
		};
		801B422AD3CBB3EB39145E63 /* Check Pods Manifest.lock */ = {
			isa = PBXShellScriptBuildPhase;
			buildActionMask = 2147483647;
			files = (
			);
			inputPaths = (
			);
			name = "Check Pods Manifest.lock";
			outputPaths = (
			);
			runOnlyForDeploymentPostprocessing = 0;
			shellPath = /bin/sh;
			shellScript = "diff \"${PODS_ROOT}/../Podfile.lock\" \"${PODS_ROOT}/Manifest.lock\" > /dev/null\nif [[ $? != 0 ]] ; then\n    cat << EOM\nerror: The sandbox is not in sync with the Podfile.lock. Run 'pod install' or update your CocoaPods installation.\nEOM\n    exit 1\nfi\n";
			showEnvVarsInLog = 0;
		};
/* End PBXShellScriptBuildPhase section */

/* Begin PBXSourcesBuildPhase section */
		C2D326DB1BADF92C00BFF7D6 /* Sources */ = {
			isa = PBXSourcesBuildPhase;
			buildActionMask = 2147483647;
			files = (
				C2D326E81BADF92C00BFF7D6 /* AppDelegate.m in Sources */,
				C2D326EB1BADF92C00BFF7D6 /* WeatherAPI.xcdatamodeld in Sources */,
				C2D326EE1BADF92C00BFF7D6 /* ViewController.m in Sources */,
				C2D3270F1BAE011E00BFF7D6 /* WeatherScreenVC.m in Sources */,
				C2D326E51BADF92C00BFF7D6 /* main.m in Sources */,
				C2C8280A1BAE152600FABD41 /* UserInfoVC.m in Sources */,
			);
			runOnlyForDeploymentPostprocessing = 0;
		};
		C2D326F71BADF92C00BFF7D6 /* Sources */ = {
			isa = PBXSourcesBuildPhase;
			buildActionMask = 2147483647;
			files = (
				C2D327021BADF92C00BFF7D6 /* WeatherAPITests.m in Sources */,
			);
			runOnlyForDeploymentPostprocessing = 0;
		};
/* End PBXSourcesBuildPhase section */

/* Begin PBXTargetDependency section */
		C2D326FD1BADF92C00BFF7D6 /* PBXTargetDependency */ = {
			isa = PBXTargetDependency;
			target = C2D326DE1BADF92C00BFF7D6 /* WeatherAPI */;
			targetProxy = C2D326FC1BADF92C00BFF7D6 /* PBXContainerItemProxy */;
		};
/* End PBXTargetDependency section */

/* Begin PBXVariantGroup section */
		C2D326EF1BADF92C00BFF7D6 /* Main.storyboard */ = {
			isa = PBXVariantGroup;
			children = (
				C2D326F01BADF92C00BFF7D6 /* Base */,
			);
			name = Main.storyboard;
			sourceTree = "<group>";
		};
		C2D326F41BADF92C00BFF7D6 /* LaunchScreen.xib */ = {
			isa = PBXVariantGroup;
			children = (
				C2D326F51BADF92C00BFF7D6 /* Base */,
			);
			name = LaunchScreen.xib;
			sourceTree = "<group>";
		};
/* End PBXVariantGroup section */

/* Begin XCBuildConfiguration section */
		C2D327031BADF92C00BFF7D6 /* Debug */ = {
			isa = XCBuildConfiguration;
			buildSettings = {
				ALWAYS_SEARCH_USER_PATHS = NO;
				CLANG_CXX_LANGUAGE_STANDARD = "gnu++0x";
				CLANG_CXX_LIBRARY = "libc++";
				CLANG_ENABLE_MODULES = YES;
				CLANG_ENABLE_OBJC_ARC = YES;
				CLANG_WARN_BOOL_CONVERSION = YES;
				CLANG_WARN_CONSTANT_CONVERSION = YES;
				CLANG_WARN_DIRECT_OBJC_ISA_USAGE = YES_ERROR;
				CLANG_WARN_EMPTY_BODY = YES;
				CLANG_WARN_ENUM_CONVERSION = YES;
				CLANG_WARN_INT_CONVERSION = YES;
				CLANG_WARN_OBJC_ROOT_CLASS = YES_ERROR;
				CLANG_WARN_UNREACHABLE_CODE = YES;
				CLANG_WARN__DUPLICATE_METHOD_MATCH = YES;
				"CODE_SIGN_IDENTITY[sdk=iphoneos*]" = "iPhone Developer";
				COPY_PHASE_STRIP = NO;
				DEBUG_INFORMATION_FORMAT = "dwarf-with-dsym";
				ENABLE_STRICT_OBJC_MSGSEND = YES;
				GCC_C_LANGUAGE_STANDARD = gnu99;
				GCC_DYNAMIC_NO_PIC = NO;
				GCC_NO_COMMON_BLOCKS = YES;
				GCC_OPTIMIZATION_LEVEL = 0;
				GCC_PREPROCESSOR_DEFINITIONS = (
					"DEBUG=1",
					"$(inherited)",
				);
				GCC_SYMBOLS_PRIVATE_EXTERN = NO;
				GCC_WARN_64_TO_32_BIT_CONVERSION = YES;
				GCC_WARN_ABOUT_RETURN_TYPE = YES_ERROR;
				GCC_WARN_UNDECLARED_SELECTOR = YES;
				GCC_WARN_UNINITIALIZED_AUTOS = YES_AGGRESSIVE;
				GCC_WARN_UNUSED_FUNCTION = YES;
				GCC_WARN_UNUSED_VARIABLE = YES;
				IPHONEOS_DEPLOYMENT_TARGET = 8.4;
				MTL_ENABLE_DEBUG_INFO = YES;
				ONLY_ACTIVE_ARCH = YES;
				SDKROOT = iphoneos;
			};
			name = Debug;
		};
		C2D327041BADF92C00BFF7D6 /* Release */ = {
			isa = XCBuildConfiguration;
			buildSettings = {
				ALWAYS_SEARCH_USER_PATHS = NO;
				CLANG_CXX_LANGUAGE_STANDARD = "gnu++0x";
				CLANG_CXX_LIBRARY = "libc++";
				CLANG_ENABLE_MODULES = YES;
				CLANG_ENABLE_OBJC_ARC = YES;
				CLANG_WARN_BOOL_CONVERSION = YES;
				CLANG_WARN_CONSTANT_CONVERSION = YES;
				CLANG_WARN_DIRECT_OBJC_ISA_USAGE = YES_ERROR;
				CLANG_WARN_EMPTY_BODY = YES;
				CLANG_WARN_ENUM_CONVERSION = YES;
				CLANG_WARN_INT_CONVERSION = YES;
				CLANG_WARN_OBJC_ROOT_CLASS = YES_ERROR;
				CLANG_WARN_UNREACHABLE_CODE = YES;
				CLANG_WARN__DUPLICATE_METHOD_MATCH = YES;
				"CODE_SIGN_IDENTITY[sdk=iphoneos*]" = "iPhone Developer";
				COPY_PHASE_STRIP = NO;
				DEBUG_INFORMATION_FORMAT = "dwarf-with-dsym";
				ENABLE_NS_ASSERTIONS = NO;
				ENABLE_STRICT_OBJC_MSGSEND = YES;
				GCC_C_LANGUAGE_STANDARD = gnu99;
				GCC_NO_COMMON_BLOCKS = YES;
				GCC_WARN_64_TO_32_BIT_CONVERSION = YES;
				GCC_WARN_ABOUT_RETURN_TYPE = YES_ERROR;
				GCC_WARN_UNDECLARED_SELECTOR = YES;
				GCC_WARN_UNINITIALIZED_AUTOS = YES_AGGRESSIVE;
				GCC_WARN_UNUSED_FUNCTION = YES;
				GCC_WARN_UNUSED_VARIABLE = YES;
				IPHONEOS_DEPLOYMENT_TARGET = 8.4;
				MTL_ENABLE_DEBUG_INFO = NO;
				SDKROOT = iphoneos;
				VALIDATE_PRODUCT = YES;
			};
			name = Release;
		};
		C2D327061BADF92C00BFF7D6 /* Debug */ = {
			isa = XCBuildConfiguration;
			baseConfigurationReference = 5D88BA75C3E1ED52640C4019 /* Pods.debug.xcconfig */;
			buildSettings = {
				ASSETCATALOG_COMPILER_APPICON_NAME = AppIcon;
				CODE_SIGN_IDENTITY = "iPhone Developer";
				INFOPLIST_FILE = WeatherAPI/Info.plist;
				IPHONEOS_DEPLOYMENT_TARGET = 8.0;
				LD_RUNPATH_SEARCH_PATHS = "$(inherited) @executable_path/Frameworks";
				PRODUCT_NAME = "$(TARGET_NAME)";
				TARGETED_DEVICE_FAMILY = "1,2";
			};
			name = Debug;
		};
		C2D327071BADF92C00BFF7D6 /* Release */ = {
			isa = XCBuildConfiguration;
			baseConfigurationReference = 0F88D6B5B3A5E88C452742D1 /* Pods.release.xcconfig */;
			buildSettings = {
				ASSETCATALOG_COMPILER_APPICON_NAME = AppIcon;
				CODE_SIGN_IDENTITY = "iPhone Developer";
				INFOPLIST_FILE = WeatherAPI/Info.plist;
				IPHONEOS_DEPLOYMENT_TARGET = 8.0;
				LD_RUNPATH_SEARCH_PATHS = "$(inherited) @executable_path/Frameworks";
				PRODUCT_NAME = "$(TARGET_NAME)";
				TARGETED_DEVICE_FAMILY = "1,2";
			};
			name = Release;
		};
		C2D327091BADF92C00BFF7D6 /* Debug */ = {
			isa = XCBuildConfiguration;
			buildSettings = {
				BUNDLE_LOADER = "$(TEST_HOST)";
				FRAMEWORK_SEARCH_PATHS = (
					"$(SDKROOT)/Developer/Library/Frameworks",
					"$(inherited)",
				);
				GCC_PREPROCESSOR_DEFINITIONS = (
					"DEBUG=1",
					"$(inherited)",
				);
				INFOPLIST_FILE = WeatherAPITests/Info.plist;
				LD_RUNPATH_SEARCH_PATHS = "$(inherited) @executable_path/Frameworks @loader_path/Frameworks";
				PRODUCT_NAME = "$(TARGET_NAME)";
				TEST_HOST = "$(BUILT_PRODUCTS_DIR)/WeatherAPI.app/WeatherAPI";
			};
			name = Debug;
		};
		C2D3270A1BADF92C00BFF7D6 /* Release */ = {
			isa = XCBuildConfiguration;
			buildSettings = {
				BUNDLE_LOADER = "$(TEST_HOST)";
				FRAMEWORK_SEARCH_PATHS = (
					"$(SDKROOT)/Developer/Library/Frameworks",
					"$(inherited)",
				);
				INFOPLIST_FILE = WeatherAPITests/Info.plist;
				LD_RUNPATH_SEARCH_PATHS = "$(inherited) @executable_path/Frameworks @loader_path/Frameworks";
				PRODUCT_NAME = "$(TARGET_NAME)";
				TEST_HOST = "$(BUILT_PRODUCTS_DIR)/WeatherAPI.app/WeatherAPI";
			};
			name = Release;
		};
/* End XCBuildConfiguration section */

/* Begin XCConfigurationList section */
		C2D326DA1BADF92C00BFF7D6 /* Build configuration list for PBXProject "WeatherAPI" */ = {
			isa = XCConfigurationList;
			buildConfigurations = (
				C2D327031BADF92C00BFF7D6 /* Debug */,
				C2D327041BADF92C00BFF7D6 /* Release */,
			);
			defaultConfigurationIsVisible = 0;
			defaultConfigurationName = Release;
		};
		C2D327051BADF92C00BFF7D6 /* Build configuration list for PBXNativeTarget "WeatherAPI" */ = {
			isa = XCConfigurationList;
			buildConfigurations = (
				C2D327061BADF92C00BFF7D6 /* Debug */,
				C2D327071BADF92C00BFF7D6 /* Release */,
			);
			defaultConfigurationIsVisible = 0;
			defaultConfigurationName = Release;
		};
		C2D327081BADF92C00BFF7D6 /* Build configuration list for PBXNativeTarget "WeatherAPITests" */ = {
			isa = XCConfigurationList;
			buildConfigurations = (
				C2D327091BADF92C00BFF7D6 /* Debug */,
				C2D3270A1BADF92C00BFF7D6 /* Release */,
			);
			defaultConfigurationIsVisible = 0;
			defaultConfigurationName = Release;
		};
/* End XCConfigurationList section */

/* Begin XCVersionGroup section */
		C2D326E91BADF92C00BFF7D6 /* WeatherAPI.xcdatamodeld */ = {
			isa = XCVersionGroup;
			children = (
				C2D326EA1BADF92C00BFF7D6 /* WeatherAPI.xcdatamodel */,
			);
			currentVersion = C2D326EA1BADF92C00BFF7D6 /* WeatherAPI.xcdatamodel */;
			path = WeatherAPI.xcdatamodeld;
			sourceTree = "<group>";
			versionGroupType = wrapper.xcdatamodel;
		};
/* End XCVersionGroup section */
	};
	rootObject = C2D326D71BADF92C00BFF7D6 /* Project object */;
}
